
Microsoft Visual Studio Solution File, Format Version 12.00
# Visual Studio Version 16
VisualStudioVersion = 16.0.32002.261
MinimumVisualStudioVersion = 10.0.40219.1
Project("{FAE04EC0-301F-11D3-BF4B-00C04F79EFBC}") = "Static11", "Static11\Static11.csproj", "{E112D3A9-F04B-4558-9592-11FCACC011C6}"
EndProject
Global
	GlobalSection(SolutionConfigurationPlatforms) = preSolution
		Debug|Any CPU = Debug|Any CPU
		Release|Any CPU = Release|Any CPU
	EndGlobalSection
	GlobalSection(ProjectConfigurationPlatforms) = postSolution
		{E112D3A9-F04B-4558-9592-11FCACC011C6}.Debug|Any CPU.ActiveCfg = Debug|Any CPU
		{E112D3A9-F04B-4558-9592-11FCACC011C6}.Debug|Any CPU.Build.0 = Debug|Any CPU
		{E112D3A9-F04B-4558-9592-11FCACC011C6}.Release|Any CPU.ActiveCfg = Release|Any CPU
		{E112D3A9-F04B-4558-9592-11FCACC011C6}.Release|Any CPU.Build.0 = Release|Any CPU
	EndGlobalSection
	GlobalSection(SolutionProperties) = preSolution
		HideSolutionNode = FALSE
	EndGlobalSection
	GlobalSection(ExtensibilityGlobals) = postSolution
		SolutionGuid = {37E789B6-D0CF-453B-802C-9D0B62D17EA6}
	EndGlobalSection
EndGlobal
